
Microsoft Visual Studio Solution File, Format Version 12.00
# Visual Studio Version 17
VisualStudioVersion = 17.0.32112.339
MinimumVisualStudioVersion = 10.0.40219.1
Project("{FAE04EC0-301F-11D3-BF4B-00C04F79EFBC}") = "SQLManager", "SQLManager.csproj", "{BEDF80D2-3E20-4D60-B365-74F1E7E251CE}"
EndProject
Global
	GlobalSection(SolutionConfigurationPlatforms) = preSolution
		Debug|Any CPU = Debug|Any CPU
		Release|Any CPU = Release|Any CPU
	EndGlobalSection
	GlobalSection(ProjectConfigurationPlatforms) = postSolution
		{BEDF80D2-3E20-4D60-B365-74F1E7E251CE}.Debug|Any CPU.ActiveCfg = Debug|Any CPU
		{BEDF80D2-3E20-4D60-B365-74F1E7E251CE}.Debug|Any CPU.Build.0 = Debug|Any CPU
		{BEDF80D2-3E20-4D60-B365-74F1E7E251CE}.Release|Any CPU.ActiveCfg = Release|Any CPU
		{BEDF80D2-3E20-4D60-B365-74F1E7E251CE}.Release|Any CPU.Build.0 = Release|Any CPU
	EndGlobalSection
	GlobalSection(SolutionProperties) = preSolution
		HideSolutionNode = FALSE
	EndGlobalSection
	GlobalSection(ExtensibilityGlobals) = postSolution
		SolutionGuid = {7516E5F8-8159-4E59-B0A2-E136351800AC}
	EndGlobalSection
EndGlobal
