
Microsoft Visual Studio Solution File, Format Version 12.00
# Visual Studio Version 17
VisualStudioVersion = 17.0.31919.166
MinimumVisualStudioVersion = 10.0.40219.1
Project("{9A19103F-16F7-4668-BE54-9A1E7A4F7556}") = "S3Repository", "S3Repository\S3Repository.csproj", "{79D6FA26-9E49-42AA-96D2-6A2C5CBA643D}"
EndProject
Project("{9A19103F-16F7-4668-BE54-9A1E7A4F7556}") = "RemoteFileManager", "RemoteFileManager\RemoteFileManager.csproj", "{5735CC30-C64F-431D-A436-BE865F1E6999}"
EndProject
Project("{FAE04EC0-301F-11D3-BF4B-00C04F79EFBC}") = "Tester", "Tester\Tester.csproj", "{AAE942DD-D98B-4DD4-999E-9F8DECAA85D9}"
EndProject
Global
	GlobalSection(SolutionConfigurationPlatforms) = preSolution
		Debug|Any CPU = Debug|Any CPU
		Release|Any CPU = Release|Any CPU
	EndGlobalSection
	GlobalSection(ProjectConfigurationPlatforms) = postSolution
		{79D6FA26-9E49-42AA-96D2-6A2C5CBA643D}.Debug|Any CPU.ActiveCfg = Debug|Any CPU
		{79D6FA26-9E49-42AA-96D2-6A2C5CBA643D}.Debug|Any CPU.Build.0 = Debug|Any CPU
		{79D6FA26-9E49-42AA-96D2-6A2C5CBA643D}.Release|Any CPU.ActiveCfg = Release|Any CPU
		{79D6FA26-9E49-42AA-96D2-6A2C5CBA643D}.Release|Any CPU.Build.0 = Release|Any CPU
		{5735CC30-C64F-431D-A436-BE865F1E6999}.Debug|Any CPU.ActiveCfg = Debug|Any CPU
		{5735CC30-C64F-431D-A436-BE865F1E6999}.Debug|Any CPU.Build.0 = Debug|Any CPU
		{5735CC30-C64F-431D-A436-BE865F1E6999}.Release|Any CPU.ActiveCfg = Release|Any CPU
		{5735CC30-C64F-431D-A436-BE865F1E6999}.Release|Any CPU.Build.0 = Release|Any CPU
		{AAE942DD-D98B-4DD4-999E-9F8DECAA85D9}.Debug|Any CPU.ActiveCfg = Debug|Any CPU
		{AAE942DD-D98B-4DD4-999E-9F8DECAA85D9}.Debug|Any CPU.Build.0 = Debug|Any CPU
		{AAE942DD-D98B-4DD4-999E-9F8DECAA85D9}.Release|Any CPU.ActiveCfg = Release|Any CPU
		{AAE942DD-D98B-4DD4-999E-9F8DECAA85D9}.Release|Any CPU.Build.0 = Release|Any CPU
	EndGlobalSection
	GlobalSection(SolutionProperties) = preSolution
		HideSolutionNode = FALSE
	EndGlobalSection
	GlobalSection(ExtensibilityGlobals) = postSolution
		SolutionGuid = {113C6B10-D633-4D34-BBCC-AC0245F040EC}
	EndGlobalSection
EndGlobal
